
Microsoft Visual Studio Solution File, Format Version 12.00
# Visual Studio Version 17
VisualStudioVersion = 17.2.32616.157
MinimumVisualStudioVersion = 10.0.40219.1
Project("{FAE04EC0-301F-11D3-BF4B-00C04F79EFBC}") = "ProjetoSistemaWeb", "ProjetoSistemaWeb\ProjetoSistemaWeb.csproj", "{AB951BF8-177C-4B05-B48B-600770972277}"
EndProject
Global
	GlobalSection(SolutionConfigurationPlatforms) = preSolution
		Debug|Any CPU = Debug|Any CPU
		Release|Any CPU = Release|Any CPU
	EndGlobalSection
	GlobalSection(ProjectConfigurationPlatforms) = postSolution
		{AB951BF8-177C-4B05-B48B-600770972277}.Debug|Any CPU.ActiveCfg = Debug|Any CPU
		{AB951BF8-177C-4B05-B48B-600770972277}.Debug|Any CPU.Build.0 = Debug|Any CPU
		{AB951BF8-177C-4B05-B48B-600770972277}.Release|Any CPU.ActiveCfg = Release|Any CPU
		{AB951BF8-177C-4B05-B48B-600770972277}.Release|Any CPU.Build.0 = Release|Any CPU
	EndGlobalSection
	GlobalSection(SolutionProperties) = preSolution
		HideSolutionNode = FALSE
	EndGlobalSection
	GlobalSection(ExtensibilityGlobals) = postSolution
		SolutionGuid = {DF01674F-0F7C-4447-8CDE-F098B15EE7C5}
	EndGlobalSection
EndGlobal
